
Microsoft Visual Studio Solution File, Format Version 12.00
# Visual Studio Version 17
VisualStudioVersion = 17.8.34112.27
MinimumVisualStudioVersion = 10.0.40219.1
Project("{9A19103F-16F7-4668-BE54-9A1E7A4F7556}") = "BulkyWeb", "BulkyWeb\BulkyWeb.csproj", "{88F0C37A-366D-45B2-A015-4BAC908E5C85}"
EndProject
Project("{FAE04EC0-301F-11D3-BF4B-00C04F79EFBC}") = "Bulky.DataAccess", "Bulky.DataAccess\Bulky.DataAccess.csproj", "{4BF38377-CD96-4F52-B1A2-81A20B84ED75}"
EndProject
Project("{FAE04EC0-301F-11D3-BF4B-00C04F79EFBC}") = "Bulky.Models", "Bulky.Models\Bulky.Models.csproj", "{AB50837E-D7B8-4AE4-BD3C-D90A256A3EAC}"
EndProject
Project("{FAE04EC0-301F-11D3-BF4B-00C04F79EFBC}") = "Bulky.Utility", "Bulky.Utility\Bulky.Utility.csproj", "{F2B9846E-61F8-4124-A920-CDC953EE569D}"
EndProject
Global
	GlobalSection(SolutionConfigurationPlatforms) = preSolution
		Debug|Any CPU = Debug|Any CPU
		Release|Any CPU = Release|Any CPU
	EndGlobalSection
	GlobalSection(ProjectConfigurationPlatforms) = postSolution
		{88F0C37A-366D-45B2-A015-4BAC908E5C85}.Debug|Any CPU.ActiveCfg = Debug|Any CPU
		{88F0C37A-366D-45B2-A015-4BAC908E5C85}.Debug|Any CPU.Build.0 = Debug|Any CPU
		{88F0C37A-366D-45B2-A015-4BAC908E5C85}.Release|Any CPU.ActiveCfg = Release|Any CPU
		{88F0C37A-366D-45B2-A015-4BAC908E5C85}.Release|Any CPU.Build.0 = Release|Any CPU
		{4BF38377-CD96-4F52-B1A2-81A20B84ED75}.Debug|Any CPU.ActiveCfg = Debug|Any CPU
		{4BF38377-CD96-4F52-B1A2-81A20B84ED75}.Debug|Any CPU.Build.0 = Debug|Any CPU
		{4BF38377-CD96-4F52-B1A2-81A20B84ED75}.Release|Any CPU.ActiveCfg = Release|Any CPU
		{4BF38377-CD96-4F52-B1A2-81A20B84ED75}.Release|Any CPU.Build.0 = Release|Any CPU
		{AB50837E-D7B8-4AE4-BD3C-D90A256A3EAC}.Debug|Any CPU.ActiveCfg = Debug|Any CPU
		{AB50837E-D7B8-4AE4-BD3C-D90A256A3EAC}.Debug|Any CPU.Build.0 = Debug|Any CPU
		{AB50837E-D7B8-4AE4-BD3C-D90A256A3EAC}.Release|Any CPU.ActiveCfg = Release|Any CPU
		{AB50837E-D7B8-4AE4-BD3C-D90A256A3EAC}.Release|Any CPU.Build.0 = Release|Any CPU
		{F2B9846E-61F8-4124-A920-CDC953EE569D}.Debug|Any CPU.ActiveCfg = Debug|Any CPU
		{F2B9846E-61F8-4124-A920-CDC953EE569D}.Debug|Any CPU.Build.0 = Debug|Any CPU
		{F2B9846E-61F8-4124-A920-CDC953EE569D}.Release|Any CPU.ActiveCfg = Release|Any CPU
		{F2B9846E-61F8-4124-A920-CDC953EE569D}.Release|Any CPU.Build.0 = Release|Any CPU
	EndGlobalSection
	GlobalSection(SolutionProperties) = preSolution
		HideSolutionNode = FALSE
	EndGlobalSection
	GlobalSection(ExtensibilityGlobals) = postSolution
		SolutionGuid = {DB166E4A-EB71-4936-9B5F-6939B78E27BA}
	EndGlobalSection
EndGlobal
