
Microsoft Visual Studio Solution File, Format Version 12.00
# Visual Studio Version 17
VisualStudioVersion = 17.8.34004.107
MinimumVisualStudioVersion = 10.0.40219.1
Project("{9A19103F-16F7-4668-BE54-9A1E7A4F7556}") = "BulkyBookWeb", "BulkyWeb\BulkyBookWeb.csproj", "{6A37B3DE-C2C3-4422-8FCC-77995B5E4384}"
EndProject
Project("{9A19103F-16F7-4668-BE54-9A1E7A4F7556}") = "BulkyBook.DataAccess", "Bulky.DataAccess\BulkyBook.DataAccess.csproj", "{C911753F-E435-4378-BE4C-118ED0F57919}"
EndProject
Project("{9A19103F-16F7-4668-BE54-9A1E7A4F7556}") = "BulkyBook.Models", "Bulky.Models\BulkyBook.Models.csproj", "{FE8A1BD7-7DCE-438F-BBAB-781B4EEE61B4}"
EndProject
Project("{9A19103F-16F7-4668-BE54-9A1E7A4F7556}") = "BulkyBook.Utility", "Bulky.Utility\BulkyBook.Utility.csproj", "{047FCCFE-530D-4ABD-9549-F037326AF806}"
EndProject
Global
	GlobalSection(SolutionConfigurationPlatforms) = preSolution
		Debug|Any CPU = Debug|Any CPU
		Release|Any CPU = Release|Any CPU
	EndGlobalSection
	GlobalSection(ProjectConfigurationPlatforms) = postSolution
		{6A37B3DE-C2C3-4422-8FCC-77995B5E4384}.Debug|Any CPU.ActiveCfg = Debug|Any CPU
		{6A37B3DE-C2C3-4422-8FCC-77995B5E4384}.Debug|Any CPU.Build.0 = Debug|Any CPU
		{6A37B3DE-C2C3-4422-8FCC-77995B5E4384}.Release|Any CPU.ActiveCfg = Release|Any CPU
		{6A37B3DE-C2C3-4422-8FCC-77995B5E4384}.Release|Any CPU.Build.0 = Release|Any CPU
		{C911753F-E435-4378-BE4C-118ED0F57919}.Debug|Any CPU.ActiveCfg = Debug|Any CPU
		{C911753F-E435-4378-BE4C-118ED0F57919}.Debug|Any CPU.Build.0 = Debug|Any CPU
		{C911753F-E435-4378-BE4C-118ED0F57919}.Release|Any CPU.ActiveCfg = Release|Any CPU
		{C911753F-E435-4378-BE4C-118ED0F57919}.Release|Any CPU.Build.0 = Release|Any CPU
		{FE8A1BD7-7DCE-438F-BBAB-781B4EEE61B4}.Debug|Any CPU.ActiveCfg = Debug|Any CPU
		{FE8A1BD7-7DCE-438F-BBAB-781B4EEE61B4}.Debug|Any CPU.Build.0 = Debug|Any CPU
		{FE8A1BD7-7DCE-438F-BBAB-781B4EEE61B4}.Release|Any CPU.ActiveCfg = Release|Any CPU
		{FE8A1BD7-7DCE-438F-BBAB-781B4EEE61B4}.Release|Any CPU.Build.0 = Release|Any CPU
		{047FCCFE-530D-4ABD-9549-F037326AF806}.Debug|Any CPU.ActiveCfg = Debug|Any CPU
		{047FCCFE-530D-4ABD-9549-F037326AF806}.Debug|Any CPU.Build.0 = Debug|Any CPU
		{047FCCFE-530D-4ABD-9549-F037326AF806}.Release|Any CPU.ActiveCfg = Release|Any CPU
		{047FCCFE-530D-4ABD-9549-F037326AF806}.Release|Any CPU.Build.0 = Release|Any CPU
	EndGlobalSection
	GlobalSection(SolutionProperties) = preSolution
		HideSolutionNode = FALSE
	EndGlobalSection
	GlobalSection(ExtensibilityGlobals) = postSolution
		SolutionGuid = {C0694C8C-0B79-42D1-AA15-2263CBC84A72}
	EndGlobalSection
EndGlobal
